
Microsoft Visual Studio Solution File, Format Version 12.00
# Visual Studio Version 16
VisualStudioVersion = 16.0.29503.13
MinimumVisualStudioVersion = 10.0.40219.1
Project("{9A19103F-16F7-4668-BE54-9A1E7A4F7556}") = "WebAPI", "WebAPI\WebAPI.csproj", "{64999FAF-6E37-4A96-A590-18078B3E63F1}"
EndProject
Project("{9A19103F-16F7-4668-BE54-9A1E7A4F7556}") = "UnitTest", "UnitTest\UnitTest.csproj", "{2EE90B7A-27E4-4749-925B-11E8D1057446}"
EndProject
Project("{2150E333-8FDC-42A3-9474-1A3956D46DE8}") = "Solution Items", "Solution Items", "{5EF31CE7-4A6F-4010-9D56-2ECCF33EFCA0}"
EndProject
Global
	GlobalSection(SolutionConfigurationPlatforms) = preSolution
		Debug|Any CPU = Debug|Any CPU
		Release|Any CPU = Release|Any CPU
	EndGlobalSection
	GlobalSection(ProjectConfigurationPlatforms) = postSolution
		{64999FAF-6E37-4A96-A590-18078B3E63F1}.Debug|Any CPU.ActiveCfg = Debug|Any CPU
		{64999FAF-6E37-4A96-A590-18078B3E63F1}.Debug|Any CPU.Build.0 = Debug|Any CPU
		{64999FAF-6E37-4A96-A590-18078B3E63F1}.Release|Any CPU.ActiveCfg = Release|Any CPU
		{64999FAF-6E37-4A96-A590-18078B3E63F1}.Release|Any CPU.Build.0 = Release|Any CPU
		{2EE90B7A-27E4-4749-925B-11E8D1057446}.Debug|Any CPU.ActiveCfg = Debug|Any CPU
		{2EE90B7A-27E4-4749-925B-11E8D1057446}.Debug|Any CPU.Build.0 = Debug|Any CPU
		{2EE90B7A-27E4-4749-925B-11E8D1057446}.Release|Any CPU.ActiveCfg = Release|Any CPU
		{2EE90B7A-27E4-4749-925B-11E8D1057446}.Release|Any CPU.Build.0 = Release|Any CPU
	EndGlobalSection
	GlobalSection(SolutionProperties) = preSolution
		HideSolutionNode = FALSE
	EndGlobalSection
	GlobalSection(ExtensibilityGlobals) = postSolution
		SolutionGuid = {4250405C-C1A4-40D5-9CF2-0F2C9561A507}
	EndGlobalSection
EndGlobal
